
Microsoft Visual Studio Solution File, Format Version 12.00
# Visual Studio Version 16
VisualStudioVersion = 16.0.30002.166
MinimumVisualStudioVersion = 10.0.40219.1
Project("{F184B08F-C81C-45F6-A57F-5ABD9991F28F}") = "高二一班随机点人", "高二一班随机点人\高二一班随机点人.vbproj", "{1B8FF57B-71F2-438C-ADE5-8BCC6078D402}"
EndProject
Global
	GlobalSection(SolutionConfigurationPlatforms) = preSolution
		Debug|Any CPU = Debug|Any CPU
		Release|Any CPU = Release|Any CPU
	EndGlobalSection
	GlobalSection(ProjectConfigurationPlatforms) = postSolution
		{1B8FF57B-71F2-438C-ADE5-8BCC6078D402}.Debug|Any CPU.ActiveCfg = Debug|Any CPU
		{1B8FF57B-71F2-438C-ADE5-8BCC6078D402}.Debug|Any CPU.Build.0 = Debug|Any CPU
		{1B8FF57B-71F2-438C-ADE5-8BCC6078D402}.Release|Any CPU.ActiveCfg = Release|Any CPU
		{1B8FF57B-71F2-438C-ADE5-8BCC6078D402}.Release|Any CPU.Build.0 = Release|Any CPU
	EndGlobalSection
	GlobalSection(SolutionProperties) = preSolution
		HideSolutionNode = FALSE
	EndGlobalSection
	GlobalSection(ExtensibilityGlobals) = postSolution
		SolutionGuid = {81FA2161-ACDD-4E8B-858D-12E311A0CFB6}
	EndGlobalSection
EndGlobal
